
Microsoft Visual Studio Solution File, Format Version 12.00
# Visual Studio Version 16
VisualStudioVersion = 16.0.28803.202
MinimumVisualStudioVersion = 10.0.40219.1
Project("{FAE04EC0-301F-11D3-BF4B-00C04F79EFBC}") = "Hello World", "Hello World\Hello World.csproj", "{DDA0212F-86C2-4798-ADE5-EEB562F6A095}"
EndProject
Global
	GlobalSection(SolutionConfigurationPlatforms) = preSolution
		Debug|Any CPU = Debug|Any CPU
		Release|Any CPU = Release|Any CPU
	EndGlobalSection
	GlobalSection(ProjectConfigurationPlatforms) = postSolution
		{DDA0212F-86C2-4798-ADE5-EEB562F6A095}.Debug|Any CPU.ActiveCfg = Debug|Any CPU
		{DDA0212F-86C2-4798-ADE5-EEB562F6A095}.Debug|Any CPU.Build.0 = Debug|Any CPU
		{DDA0212F-86C2-4798-ADE5-EEB562F6A095}.Release|Any CPU.ActiveCfg = Release|Any CPU
		{DDA0212F-86C2-4798-ADE5-EEB562F6A095}.Release|Any CPU.Build.0 = Release|Any CPU
	EndGlobalSection
	GlobalSection(SolutionProperties) = preSolution
		HideSolutionNode = FALSE
	EndGlobalSection
	GlobalSection(ExtensibilityGlobals) = postSolution
		SolutionGuid = {0F68A1D5-7282-470F-8BCB-7AA09932C8ED}
	EndGlobalSection
EndGlobal
